{
  "name": "@nodenv/nodenv-package-rehash",
  "version": "1.4.0",
  "lockfileVersion": 3,
  "requires": true,
  "packages": {
    "": {
      "name": "@nodenv/nodenv-package-rehash",
      "version": "1.4.0",
      "hasInstallScript": true,
      "license": "MIT",
      "bin": {
        "nodenv-package-hooks": "bin/nodenv-package-hooks"
      },
      "devDependencies": {
        "@nodenv/nodenv": "^1.6.1",
        "bats": "^1.12.0",
        "bats-assert": "^2.0.0",
        "bats-mock": "^1.2.5",
        "prettier": "^3.6.2"
      }
    },
    "node_modules/@nodenv/nodenv": {
      "version": "1.6.1",
      "resolved": "https://registry.npmjs.org/@nodenv/nodenv/-/nodenv-1.6.1.tgz",
      "integrity": "sha512-UyeMg3lMdrGY5JBt8UKtrrRaP+has3nGmJIA5lsPO2LNQRpUAYx/cwWECSpb9Zg0mXGFm5d4MtD2tqtxGQEBfA==",
      "dev": true,
      "license": "MIT",
      "bin": {
        "nodenv": "libexec/nodenv"
      }
    },
    "node_modules/bats": {
      "version": "1.12.0",
      "resolved": "https://registry.npmjs.org/bats/-/bats-1.12.0.tgz",
      "integrity": "sha512-1HTv2n+fjn3bmY9SNDgmzS6bjoKtVlSK2pIHON5aSA2xaqGkZFoCCWP46/G6jm9zZ7MCi84mD+3Byw4t3KGwBg==",
      "dev": true,
      "license": "MIT",
      "bin": {
        "bats": "bin/bats"
      }
    },
    "node_modules/bats-assert": {
      "version": "2.0.0",
      "resolved": "git+ssh://git@github.com/jasonkarns/bats-assert-1.git#8200039faf9790c05d9865490c97a0e101b9c80f",
      "integrity": "sha512-JXcUlBmkQnXanQbxxTImdEXa0XNaQg1/iiaeSXSDFbfPvL0vdkQ2U//mSpJQefEABjn07u29Xg6eVztLBz3FFA==",
      "dev": true,
      "license": "CC0-1.0",
      "peerDependencies": {
        "bats-support": "git+https://github.com/ztombol/bats-support.git#v0.2.0"
      }
    },
    "node_modules/bats-mock": {
      "version": "1.2.5",
      "resolved": "https://registry.npmjs.org/bats-mock/-/bats-mock-1.2.5.tgz",
      "integrity": "sha512-gS6r3XwQnqoDUFQtzSW8rdsD62uHSFRjH1x7g9Q5RnQLnftM3UogfVIboGwvqLk+k0glY5u/qqO/nI4GGU2ZYQ==",
      "dev": true,
      "license": "MIT",
      "peerDependencies": {
        "bats": "^0.4.2 || ^1"
      }
    },
    "node_modules/bats-support": {
      "version": "0.2.0",
      "resolved": "git+ssh://git@github.com/ztombol/bats-support.git#d0a131831c487a1f1141e76d3ab386c89642cdff",
      "dev": true,
      "peer": true
    },
    "node_modules/prettier": {
      "version": "3.6.2",
      "resolved": "https://registry.npmjs.org/prettier/-/prettier-3.6.2.tgz",
      "integrity": "sha512-I7AIg5boAr5R0FFtJ6rCfD+LFsWHp81dolrFD8S79U9tb8Az2nGrJncnMSnys+bpQJfRUzqs9hnA81OAA3hCuQ==",
      "dev": true,
      "license": "MIT",
      "bin": {
        "prettier": "bin/prettier.cjs"
      },
      "engines": {
        "node": ">=14"
      },
      "funding": {
        "url": "https://github.com/prettier/prettier?sponsor=1"
      }
    }
  }
}
